
Microsoft Visual Studio Solution File, Format Version 12.00
# Visual Studio Version 17
VisualStudioVersion = 17.4.33213.308
MinimumVisualStudioVersion = 10.0.40219.1
Project("{FAE04EC0-301F-11D3-BF4B-00C04F79EFBC}") = "CityPalAPI", "CityPalAPI\CityPalAPI.csproj", "{007BBE3A-41C4-44B1-8994-F50E74DF9652}"
EndProject
Global
	GlobalSection(SolutionConfigurationPlatforms) = preSolution
		Debug|Any CPU = Debug|Any CPU
		Release|Any CPU = Release|Any CPU
	EndGlobalSection
	GlobalSection(ProjectConfigurationPlatforms) = postSolution
		{007BBE3A-41C4-44B1-8994-F50E74DF9652}.Debug|Any CPU.ActiveCfg = Debug|Any CPU
		{007BBE3A-41C4-44B1-8994-F50E74DF9652}.Debug|Any CPU.Build.0 = Debug|Any CPU
		{007BBE3A-41C4-44B1-8994-F50E74DF9652}.Release|Any CPU.ActiveCfg = Release|Any CPU
		{007BBE3A-41C4-44B1-8994-F50E74DF9652}.Release|Any CPU.Build.0 = Release|Any CPU
	EndGlobalSection
	GlobalSection(SolutionProperties) = preSolution
		HideSolutionNode = FALSE
	EndGlobalSection
	GlobalSection(ExtensibilityGlobals) = postSolution
		SolutionGuid = {99D01F19-BB7D-424F-B297-52EC7022ED88}
	EndGlobalSection
EndGlobal
